PODS:
  - Funnel (0.1.0)
  - Nimble (5.1.1)
  - Quick (0.10.0)

DEPENDENCIES:
  - Funnel (from `../`)
  - Nimble
  - Quick

EXTERNAL SOURCES:
  Funnel:
    :path: "../"

SPEC CHECKSUMS:
  Funnel: 158448afc1d16ffa450e156075738c7bb9ea49ad
  Nimble: 415e3aa3267e7bc2c96b05fa814ddea7bb686a29
  Quick: 5d290df1c69d5ee2f0729956dcf0fd9a30447eaa

PODFILE CHECKSUM: 3f2955e2927e6f166568e9a45790f10be51eeda8

COCOAPODS: 1.1.1
